
Microsoft Visual Studio Solution File, Format Version 12.00
# Visual Studio Version 16
VisualStudioVersion = 25.0.1703.8
MinimumVisualStudioVersion = 10.0.40219.1
Project("{FAE04EC0-301F-11D3-BF4B-00C04F79EFBC}") = "03-WebAPI-dotnet-core-controllers", "03-WebAPI-dotnet-core-controllers.csproj", "{A6D45A91-9018-4745-BD81-20FBEF5AB86F}"
EndProject
Global
	GlobalSection(SolutionConfigurationPlatforms) = preSolution
		Debug|Any CPU = Debug|Any CPU
		Release|Any CPU = Release|Any CPU
	EndGlobalSection
	GlobalSection(ProjectConfigurationPlatforms) = postSolution
		{A6D45A91-9018-4745-BD81-20FBEF5AB86F}.Debug|Any CPU.ActiveCfg = Debug|Any CPU
		{A6D45A91-9018-4745-BD81-20FBEF5AB86F}.Debug|Any CPU.Build.0 = Debug|Any CPU
		{A6D45A91-9018-4745-BD81-20FBEF5AB86F}.Release|Any CPU.ActiveCfg = Release|Any CPU
		{A6D45A91-9018-4745-BD81-20FBEF5AB86F}.Release|Any CPU.Build.0 = Release|Any CPU
	EndGlobalSection
	GlobalSection(SolutionProperties) = preSolution
		HideSolutionNode = FALSE
	EndGlobalSection
	GlobalSection(ExtensibilityGlobals) = postSolution
		SolutionGuid = {909EF8EF-8A45-4A15-B273-E02D87F06D7F}
	EndGlobalSection
EndGlobal
