
Microsoft Visual Studio Solution File, Format Version 12.00
# Visual Studio Version 16
VisualStudioVersion = 25.0.1703.8
MinimumVisualStudioVersion = 10.0.40219.1
Project("{FAE04EC0-301F-11D3-BF4B-00C04F79EFBC}") = "WebAppBlazorTodoList", "WebAppBlazorTodoList.csproj", "{108E51AB-A19E-494B-B4E7-A0774AEEB31D}"
EndProject
Global
	GlobalSection(SolutionConfigurationPlatforms) = preSolution
		Debug|Any CPU = Debug|Any CPU
		Release|Any CPU = Release|Any CPU
	EndGlobalSection
	GlobalSection(ProjectConfigurationPlatforms) = postSolution
		{108E51AB-A19E-494B-B4E7-A0774AEEB31D}.Debug|Any CPU.ActiveCfg = Debug|Any CPU
		{108E51AB-A19E-494B-B4E7-A0774AEEB31D}.Debug|Any CPU.Build.0 = Debug|Any CPU
		{108E51AB-A19E-494B-B4E7-A0774AEEB31D}.Release|Any CPU.ActiveCfg = Release|Any CPU
		{108E51AB-A19E-494B-B4E7-A0774AEEB31D}.Release|Any CPU.Build.0 = Release|Any CPU
	EndGlobalSection
	GlobalSection(SolutionProperties) = preSolution
		HideSolutionNode = FALSE
	EndGlobalSection
	GlobalSection(ExtensibilityGlobals) = postSolution
		SolutionGuid = {F6485743-1C6A-4936-9C55-9449B6CA907D}
	EndGlobalSection
EndGlobal
